// !$*UTF8*$!
{
	archiveVersion = 1;
	classes = {
	};
	objectVersion = 45;
	objects = {

/* Begin PBXBuildFile section */
		1D60589F0D05DD5A006BFB54 /* Foundation.framework in Frameworks */ = {isa = PBXBuildFile; fileRef = 1D30AB110D05D00D00671497 /* Foundation.framework */; };
		1DF5F4E00D08C38300B7A737 /* UIKit.framework in Frameworks */ = {isa = PBXBuildFile; fileRef = 1DF5F4DF0D08C38300B7A737 /* UIKit.framework */; };
		D5330A3713B669C3003BE0FD /* App_delegate.m in Sources */ = {isa = PBXBuildFile; fileRef = D5330A3013B669C3003BE0FD /* App_delegate.m */; };
		D5330A3A13B669C3003BE0FD /* View_controller.m in Sources */ = {isa = PBXBuildFile; fileRef = D5330A3613B669C3003BE0FD /* View_controller.m */; };
		D55F9FD0160F9D9F007855D2 /* EHNativeFacebook.m in Sources */ = {isa = PBXBuildFile; fileRef = D55F9FCF160F9D9F007855D2 /* EHNativeFacebook.m */; };
		D55F9FD3160FA3D6007855D2 /* Twitter.framework in Frameworks */ = {isa = PBXBuildFile; fileRef = D55F9FD2160FA3D6007855D2 /* Twitter.framework */; settings = {ATTRIBUTES = (Weak, ); }; };
		D55F9FD9160FA4FA007855D2 /* CoreGraphics.framework in Frameworks */ = {isa = PBXBuildFile; fileRef = D55F9FD8160FA4FA007855D2 /* CoreGraphics.framework */; };
		D55F9FDC160FA515007855D2 /* main.m in Sources */ = {isa = PBXBuildFile; fileRef = D55F9FDB160FA515007855D2 /* main.m */; };
/* End PBXBuildFile section */

/* Begin PBXFileReference section */
		1D30AB110D05D00D00671497 /* Foundation.framework */ = {isa = PBXFileReference; lastKnownFileType = wrapper.framework; name = Foundation.framework; path = System/Library/Frameworks/Foundation.framework; sourceTree = SDKROOT; };
		1D6058910D05DD3D006BFB54 /* Example.app */ = {isa = PBXFileReference; explicitFileType = wrapper.application; includeInIndex = 0; path = Example.app; sourceTree = BUILT_PRODUCTS_DIR; };
		1DF5F4DF0D08C38300B7A737 /* UIKit.framework */ = {isa = PBXFileReference; lastKnownFileType = wrapper.framework; name = UIKit.framework; path = System/Library/Frameworks/UIKit.framework; sourceTree = SDKROOT; };
		D5330A2F13B669C3003BE0FD /* App_delegate.h */ = {isa = PBXFileReference; fileEncoding = 4; lastKnownFileType = sourcecode.c.h; path = App_delegate.h; sourceTree = "<group>"; };
		D5330A3013B669C3003BE0FD /* App_delegate.m */ = {isa = PBXFileReference; fileEncoding = 4; lastKnownFileType = sourcecode.c.objc; path = App_delegate.m; sourceTree = "<group>"; };
		D5330A3513B669C3003BE0FD /* View_controller.h */ = {isa = PBXFileReference; fileEncoding = 4; lastKnownFileType = sourcecode.c.h; path = View_controller.h; sourceTree = "<group>"; };
		D5330A3613B669C3003BE0FD /* View_controller.m */ = {isa = PBXFileReference; fileEncoding = 4; lastKnownFileType = sourcecode.c.objc; path = View_controller.m; sourceTree = "<group>"; };
		D55F9FCC160F9C7B007855D2 /* Example-Info.plist */ = {isa = PBXFileReference; lastKnownFileType = text.plist.xml; path = "Example-Info.plist"; sourceTree = "<group>"; };
		D55F9FCE160F9D9F007855D2 /* EHNativeFacebook.h */ = {isa = PBXFileReference; fileEncoding = 4; lastKnownFileType = sourcecode.c.h; name = EHNativeFacebook.h; path = ../src/EHNativeFacebook.h; sourceTree = "<group>"; };
		D55F9FCF160F9D9F007855D2 /* EHNativeFacebook.m */ = {isa = PBXFileReference; fileEncoding = 4; lastKnownFileType = sourcecode.c.objc; name = EHNativeFacebook.m; path = ../src/EHNativeFacebook.m; sourceTree = "<group>"; };
		D55F9FD2160FA3D6007855D2 /* Twitter.framework */ = {isa = PBXFileReference; lastKnownFileType = wrapper.framework; name = Twitter.framework; path = System/Library/Frameworks/Twitter.framework; sourceTree = SDKROOT; };
		D55F9FD8160FA4FA007855D2 /* CoreGraphics.framework */ = {isa = PBXFileReference; lastKnownFileType = wrapper.framework; name = CoreGraphics.framework; path = System/Library/Frameworks/CoreGraphics.framework; sourceTree = SDKROOT; };
		D55F9FDA160FA515007855D2 /* Example_Prefix.pch */ = {isa = PBXFileReference; fileEncoding = 4; lastKnownFileType = sourcecode.c.h; path = Example_Prefix.pch; sourceTree = "<group>"; };
		D55F9FDB160FA515007855D2 /* main.m */ = {isa = PBXFileReference; fileEncoding = 4; lastKnownFileType = sourcecode.c.objc; path = main.m; sourceTree = "<group>"; };
/* End PBXFileReference section */

/* Begin PBXFrameworksBuildPhase section */
		1D60588F0D05DD3D006BFB54 /* Frameworks */ = {
			isa = PBXFrameworksBuildPhase;
			buildActionMask = 2147483647;
			files = (
				D55F9FD9160FA4FA007855D2 /* CoreGraphics.framework in Frameworks */,
				D55F9FD3160FA3D6007855D2 /* Twitter.framework in Frameworks */,
				1D60589F0D05DD5A006BFB54 /* Foundation.framework in Frameworks */,
				1DF5F4E00D08C38300B7A737 /* UIKit.framework in Frameworks */,
			);
			runOnlyForDeploymentPostprocessing = 0;
		};
/* End PBXFrameworksBuildPhase section */

/* Begin PBXGroup section */
		19C28FACFE9D520D11CA2CBB /* Products */ = {
			isa = PBXGroup;
			children = (
				1D6058910D05DD3D006BFB54 /* Example.app */,
			);
			name = Products;
			sourceTree = "<group>";
		};
		29B97314FDCFA39411CA2CEA /* CustomTemplate */ = {
			isa = PBXGroup;
			children = (
				D55F9FD1160F9DB9007855D2 /* external */,
				D519887C13B66BF500197DDC /* resources */,
				D5330A2E13B669C3003BE0FD /* src */,
				29B97323FDCFA39411CA2CEA /* Frameworks */,
				19C28FACFE9D520D11CA2CBB /* Products */,
			);
			name = CustomTemplate;
			sourceTree = "<group>";
		};
		29B97323FDCFA39411CA2CEA /* Frameworks */ = {
			isa = PBXGroup;
			children = (
				D55F9FD8160FA4FA007855D2 /* CoreGraphics.framework */,
				1D30AB110D05D00D00671497 /* Foundation.framework */,
				D55F9FD2160FA3D6007855D2 /* Twitter.framework */,
				1DF5F4DF0D08C38300B7A737 /* UIKit.framework */,
			);
			name = Frameworks;
			sourceTree = "<group>";
		};
		D519887C13B66BF500197DDC /* resources */ = {
			isa = PBXGroup;
			children = (
				D55F9FCC160F9C7B007855D2 /* Example-Info.plist */,
			);
			path = resources;
			sourceTree = "<group>";
		};
		D5330A2E13B669C3003BE0FD /* src */ = {
			isa = PBXGroup;
			children = (
				D5330A2F13B669C3003BE0FD /* App_delegate.h */,
				D5330A3013B669C3003BE0FD /* App_delegate.m */,
				D55F9FDA160FA515007855D2 /* Example_Prefix.pch */,
				D55F9FDB160FA515007855D2 /* main.m */,
				D5330A3513B669C3003BE0FD /* View_controller.h */,
				D5330A3613B669C3003BE0FD /* View_controller.m */,
			);
			path = src;
			sourceTree = "<group>";
		};
		D55F9FCD160F9CB0007855D2 /* EHNativeFacebook */ = {
			isa = PBXGroup;
			children = (
				D55F9FCE160F9D9F007855D2 /* EHNativeFacebook.h */,
				D55F9FCF160F9D9F007855D2 /* EHNativeFacebook.m */,
			);
			name = EHNativeFacebook;
			sourceTree = "<group>";
		};
		D55F9FD1160F9DB9007855D2 /* external */ = {
			isa = PBXGroup;
			children = (
				D55F9FCD160F9CB0007855D2 /* EHNativeFacebook */,
			);
			name = external;
			sourceTree = "<group>";
		};
/* End PBXGroup section */

/* Begin PBXNativeTarget section */
		1D6058900D05DD3D006BFB54 /* Example */ = {
			isa = PBXNativeTarget;
			buildConfigurationList = 1D6058960D05DD3E006BFB54 /* Build configuration list for PBXNativeTarget "Example" */;
			buildPhases = (
				1D60588D0D05DD3D006BFB54 /* Resources */,
				1D60588E0D05DD3D006BFB54 /* Sources */,
				1D60588F0D05DD3D006BFB54 /* Frameworks */,
			);
			buildRules = (
			);
			dependencies = (
			);
			name = Example;
			productName = Example;
			productReference = 1D6058910D05DD3D006BFB54 /* Example.app */;
			productType = "com.apple.product-type.application";
		};
/* End PBXNativeTarget section */

/* Begin PBXProject section */
		29B97313FDCFA39411CA2CEA /* Project object */ = {
			isa = PBXProject;
			buildConfigurationList = C01FCF4E08A954540054247B /* Build configuration list for PBXProject "Example" */;
			compatibilityVersion = "Xcode 3.1";
			developmentRegion = English;
			hasScannedForEncodings = 1;
			knownRegions = (
				English,
				Japanese,
				French,
				German,
			);
			mainGroup = 29B97314FDCFA39411CA2CEA /* CustomTemplate */;
			projectDirPath = "";
			projectRoot = "";
			targets = (
				1D6058900D05DD3D006BFB54 /* Example */,
			);
		};
/* End PBXProject section */

/* Begin PBXResourcesBuildPhase section */
		1D60588D0D05DD3D006BFB54 /* Resources */ = {
			isa = PBXResourcesBuildPhase;
			buildActionMask = 2147483647;
			files = (
			);
			runOnlyForDeploymentPostprocessing = 0;
		};
/* End PBXResourcesBuildPhase section */

/* Begin PBXSourcesBuildPhase section */
		1D60588E0D05DD3D006BFB54 /* Sources */ = {
			isa = PBXSourcesBuildPhase;
			buildActionMask = 2147483647;
			files = (
				D5330A3713B669C3003BE0FD /* App_delegate.m in Sources */,
				D5330A3A13B669C3003BE0FD /* View_controller.m in Sources */,
				D55F9FD0160F9D9F007855D2 /* EHNativeFacebook.m in Sources */,
				D55F9FDC160FA515007855D2 /* main.m in Sources */,
			);
			runOnlyForDeploymentPostprocessing = 0;
		};
/* End PBXSourcesBuildPhase section */

/* Begin XCBuildConfiguration section */
		1D6058940D05DD3E006BFB54 /* Debug */ = {
			isa = XCBuildConfiguration;
			buildSettings = {
				ALWAYS_SEARCH_USER_PATHS = NO;
				COPY_PHASE_STRIP = NO;
				GCC_DYNAMIC_NO_PIC = NO;
				GCC_OPTIMIZATION_LEVEL = 0;
				GCC_PRECOMPILE_PREFIX_HEADER = YES;
				GCC_PREFIX_HEADER = src/Example_Prefix.pch;
				INFOPLIST_FILE = "resources/Example-Info.plist";
				PRODUCT_NAME = Example;
			};
			name = Debug;
		};
		1D6058950D05DD3E006BFB54 /* Release */ = {
			isa = XCBuildConfiguration;
			buildSettings = {
				ALWAYS_SEARCH_USER_PATHS = NO;
				COPY_PHASE_STRIP = YES;
				GCC_PRECOMPILE_PREFIX_HEADER = YES;
				GCC_PREFIX_HEADER = src/Example_Prefix.pch;
				INFOPLIST_FILE = "resources/Example-Info.plist";
				PRODUCT_NAME = Example;
				VALIDATE_PRODUCT = YES;
			};
			name = Release;
		};
		C01FCF4F08A954540054247B /* Debug */ = {
			isa = XCBuildConfiguration;
			buildSettings = {
				ARCHS = (
					armv7,
					armv6,
				);
				"CODE_SIGN_IDENTITY[sdk=iphoneos*]" = "iPhone Developer";
				GCC_C_LANGUAGE_STANDARD = c99;
				GCC_PREPROCESSOR_DEFINITIONS = DEBUG;
				GCC_TREAT_IMPLICIT_FUNCTION_DECLARATIONS_AS_ERRORS = YES;
				GCC_TREAT_WARNINGS_AS_ERRORS = NO;
				GCC_WARN_ABOUT_RETURN_TYPE = YES;
				GCC_WARN_PEDANTIC = YES;
				GCC_WARN_UNUSED_VARIABLE = YES;
				HEADER_SEARCH_PATHS = ../src;
				IPHONEOS_DEPLOYMENT_TARGET = 3.0;
				OTHER_LDFLAGS = (
					"-weak_library",
					/usr/lib/libSystem.B.dylib,
				);
				PREBINDING = NO;
				SDKROOT = iphoneos;
			};
			name = Debug;
		};
		C01FCF5008A954540054247B /* Release */ = {
			isa = XCBuildConfiguration;
			buildSettings = {
				ARCHS = (
					armv7,
					armv6,
				);
				"CODE_SIGN_IDENTITY[sdk=iphoneos*]" = "iPhone Developer";
				GCC_C_LANGUAGE_STANDARD = c99;
				GCC_PREPROCESSOR_DEFINITIONS = (
					NDEBUG,
					RELEASE,
				);
				GCC_WARN_ABOUT_RETURN_TYPE = YES;
				GCC_WARN_UNUSED_VARIABLE = YES;
				HEADER_SEARCH_PATHS = ../src;
				IPHONEOS_DEPLOYMENT_TARGET = 3.0;
				OTHER_CFLAGS = "-DNS_BLOCK_ASSERTIONS=1";
				OTHER_LDFLAGS = (
					"-weak_library",
					/usr/lib/libSystem.B.dylib,
				);
				PREBINDING = NO;
				SDKROOT = iphoneos;
			};
			name = Release;
		};
/* End XCBuildConfiguration section */

/* Begin XCConfigurationList section */
		1D6058960D05DD3E006BFB54 /* Build configuration list for PBXNativeTarget "Example" */ = {
			isa = XCConfigurationList;
			buildConfigurations = (
				1D6058940D05DD3E006BFB54 /* Debug */,
				1D6058950D05DD3E006BFB54 /* Release */,
			);
			defaultConfigurationIsVisible = 0;
			defaultConfigurationName = Release;
		};
		C01FCF4E08A954540054247B /* Build configuration list for PBXProject "Example" */ = {
			isa = XCConfigurationList;
			buildConfigurations = (
				C01FCF4F08A954540054247B /* Debug */,
				C01FCF5008A954540054247B /* Release */,
			);
			defaultConfigurationIsVisible = 0;
			defaultConfigurationName = Release;
		};
/* End XCConfigurationList section */
	};
	rootObject = 29B97313FDCFA39411CA2CEA /* Project object */;
}
